
Microsoft Visual Studio Solution File, Format Version 12.00
# Visual Studio Version 16
VisualStudioVersion = 16.0.31105.61
MinimumVisualStudioVersion = 10.0.40219.1
Project("{FAE04EC0-301F-11D3-BF4B-00C04F79EFBC}") = "VIPA_V2", "VIPA_V2\VIPA_V2.csproj", "{FAF44E77-F33E-42EB-97E7-81C985A36FDB}"
EndProject
Project("{FAE04EC0-301F-11D3-BF4B-00C04F79EFBC}") = "WebVue", "WebVue\WebVue.csproj", "{B6C649BA-A60A-4657-8B09-485B8D5A83AB}"
EndProject
Global
	GlobalSection(SolutionConfigurationPlatforms) = preSolution
		Debug|Any CPU = Debug|Any CPU
		Release|Any CPU = Release|Any CPU
	EndGlobalSection
	GlobalSection(ProjectConfigurationPlatforms) = postSolution
		{FAF44E77-F33E-42EB-97E7-81C985A36FDB}.Debug|Any CPU.ActiveCfg = Debug|Any CPU
		{FAF44E77-F33E-42EB-97E7-81C985A36FDB}.Debug|Any CPU.Build.0 = Debug|Any CPU
		{FAF44E77-F33E-42EB-97E7-81C985A36FDB}.Release|Any CPU.ActiveCfg = Release|Any CPU
		{FAF44E77-F33E-42EB-97E7-81C985A36FDB}.Release|Any CPU.Build.0 = Release|Any CPU
		{B6C649BA-A60A-4657-8B09-485B8D5A83AB}.Debug|Any CPU.ActiveCfg = Debug|Any CPU
		{B6C649BA-A60A-4657-8B09-485B8D5A83AB}.Debug|Any CPU.Build.0 = Debug|Any CPU
		{B6C649BA-A60A-4657-8B09-485B8D5A83AB}.Release|Any CPU.ActiveCfg = Release|Any CPU
		{B6C649BA-A60A-4657-8B09-485B8D5A83AB}.Release|Any CPU.Build.0 = Release|Any CPU
	EndGlobalSection
	GlobalSection(SolutionProperties) = preSolution
		HideSolutionNode = FALSE
	EndGlobalSection
	GlobalSection(ExtensibilityGlobals) = postSolution
		SolutionGuid = {5C21AE31-B3B8-4CDF-83A3-43810D2FF377}
	EndGlobalSection
EndGlobal
